
Microsoft Visual Studio Solution File, Format Version 12.00
# Visual Studio 15
Project("{FAE04EC0-301F-11D3-BF4B-00C04F79EFBC}") = "Assembly-CSharp", "Assembly-CSharp.csproj", "{2108F4D8-7F26-153C-C433-4C9495989D78}"
EndProject
Project("{FAE04EC0-301F-11D3-BF4B-00C04F79EFBC}") = "Assembly-CSharp-Editor", "Assembly-CSharp-Editor.csproj", "{3C2C1531-F0EB-C80B-0AD5-4280BF50462A}"
EndProject
Global
	GlobalSection(SolutionConfigurationPlatforms) = preSolution
		Debug|Any CPU = Debug|Any CPU
		Release|Any CPU = Release|Any CPU
	EndGlobalSection
	GlobalSection(ProjectConfigurationPlatforms) = postSolution
		{2108F4D8-7F26-153C-C433-4C9495989D78}.Debug|Any CPU.ActiveCfg = Debug|Any CPU
		{2108F4D8-7F26-153C-C433-4C9495989D78}.Debug|Any CPU.Build.0 = Debug|Any CPU
		{2108F4D8-7F26-153C-C433-4C9495989D78}.Release|Any CPU.ActiveCfg = Release|Any CPU
		{2108F4D8-7F26-153C-C433-4C9495989D78}.Release|Any CPU.Build.0 = Release|Any CPU
		{3C2C1531-F0EB-C80B-0AD5-4280BF50462A}.Debug|Any CPU.ActiveCfg = Debug|Any CPU
		{3C2C1531-F0EB-C80B-0AD5-4280BF50462A}.Debug|Any CPU.Build.0 = Debug|Any CPU
		{3C2C1531-F0EB-C80B-0AD5-4280BF50462A}.Release|Any CPU.ActiveCfg = Release|Any CPU
		{3C2C1531-F0EB-C80B-0AD5-4280BF50462A}.Release|Any CPU.Build.0 = Release|Any CPU
	EndGlobalSection
	GlobalSection(SolutionProperties) = preSolution
		HideSolutionNode = FALSE
	EndGlobalSection
EndGlobal
